
Microsoft Visual Studio Solution File, Format Version 12.00
# Visual Studio 15
VisualStudioVersion = 15.0.26730.12
MinimumVisualStudioVersion = 10.0.40219.1
Project("{FAE04EC0-301F-11D3-BF4B-00C04F79EFBC}") = "sample", "sample\sample.csproj", "{7EC098D8-8A16-4950-BEED-DBF628629783}"
EndProject
Global
	GlobalSection(SolutionConfigurationPlatforms) = preSolution
		Debug|Any CPU = Debug|Any CPU
		Release|Any CPU = Release|Any CPU
	EndGlobalSection
	GlobalSection(ProjectConfigurationPlatforms) = postSolution
		{7EC098D8-8A16-4950-BEED-DBF628629783}.Debug|Any CPU.ActiveCfg = Debug|Any CPU
		{7EC098D8-8A16-4950-BEED-DBF628629783}.Debug|Any CPU.Build.0 = Debug|Any CPU
		{7EC098D8-8A16-4950-BEED-DBF628629783}.Release|Any CPU.ActiveCfg = Release|Any CPU
		{7EC098D8-8A16-4950-BEED-DBF628629783}.Release|Any CPU.Build.0 = Release|Any CPU
	EndGlobalSection
	GlobalSection(SolutionProperties) = preSolution
		HideSolutionNode = FALSE
	EndGlobalSection
	GlobalSection(ExtensibilityGlobals) = postSolution
		SolutionGuid = {C54616FF-1B7A-418D-B734-D2C5A8AF17BE}
	EndGlobalSection
EndGlobal
